
Microsoft Visual Studio Solution File, Format Version 12.00
# Visual Studio Version 17
VisualStudioVersion = 17.1.32113.165
MinimumVisualStudioVersion = 10.0.40219.1
Project("{9A19103F-16F7-4668-BE54-9A1E7A4F7556}") = "StarWarsPlusMinimalAPI", "StarWarsPlusMinimalAPI\StarWarsPlusMinimalAPI.csproj", "{49DEFDBA-0286-4A41-A570-4327002FB5AA}"
EndProject
Project("{FAE04EC0-301F-11D3-BF4B-00C04F79EFBC}") = "StarWarsPlusMinimalAPI.Tests", "StarWarsPlusMinimalAPI.Tests\StarWarsPlusMinimalAPI.Tests.csproj", "{47C11D4D-5AFB-4446-BB17-6083F5E4691C}"
EndProject
Global
	GlobalSection(SolutionConfigurationPlatforms) = preSolution
		Debug|Any CPU = Debug|Any CPU
		Release|Any CPU = Release|Any CPU
	EndGlobalSection
	GlobalSection(ProjectConfigurationPlatforms) = postSolution
		{49DEFDBA-0286-4A41-A570-4327002FB5AA}.Debug|Any CPU.ActiveCfg = Debug|Any CPU
		{49DEFDBA-0286-4A41-A570-4327002FB5AA}.Debug|Any CPU.Build.0 = Debug|Any CPU
		{49DEFDBA-0286-4A41-A570-4327002FB5AA}.Release|Any CPU.ActiveCfg = Release|Any CPU
		{49DEFDBA-0286-4A41-A570-4327002FB5AA}.Release|Any CPU.Build.0 = Release|Any CPU
		{47C11D4D-5AFB-4446-BB17-6083F5E4691C}.Debug|Any CPU.ActiveCfg = Debug|Any CPU
		{47C11D4D-5AFB-4446-BB17-6083F5E4691C}.Debug|Any CPU.Build.0 = Debug|Any CPU
		{47C11D4D-5AFB-4446-BB17-6083F5E4691C}.Release|Any CPU.ActiveCfg = Release|Any CPU
		{47C11D4D-5AFB-4446-BB17-6083F5E4691C}.Release|Any CPU.Build.0 = Release|Any CPU
	EndGlobalSection
	GlobalSection(SolutionProperties) = preSolution
		HideSolutionNode = FALSE
	EndGlobalSection
	GlobalSection(ExtensibilityGlobals) = postSolution
		SolutionGuid = {5EBCBB78-164F-426E-B280-E1CCE957BF8F}
	EndGlobalSection
EndGlobal
